
Microsoft Visual Studio Solution File, Format Version 12.00
# Visual Studio Version 16
VisualStudioVersion = 16.0.29920.165
MinimumVisualStudioVersion = 10.0.40219.1
Project("{FAE04EC0-301F-11D3-BF4B-00C04F79EFBC}") = "XMemCompress", "XMemCompress.csproj", "{10E27C55-082A-4FD1-80E4-BB35CE3F1898}"
EndProject
Global
	GlobalSection(SolutionConfigurationPlatforms) = preSolution
		Debug|Any CPU = Debug|Any CPU
		Release|Any CPU = Release|Any CPU
	EndGlobalSection
	GlobalSection(ProjectConfigurationPlatforms) = postSolution
		{10E27C55-082A-4FD1-80E4-BB35CE3F1898}.Debug|Any CPU.ActiveCfg = Debug|Any CPU
		{10E27C55-082A-4FD1-80E4-BB35CE3F1898}.Debug|Any CPU.Build.0 = Debug|Any CPU
		{10E27C55-082A-4FD1-80E4-BB35CE3F1898}.Release|Any CPU.ActiveCfg = Release|Any CPU
		{10E27C55-082A-4FD1-80E4-BB35CE3F1898}.Release|Any CPU.Build.0 = Release|Any CPU
	EndGlobalSection
	GlobalSection(SolutionProperties) = preSolution
		HideSolutionNode = FALSE
	EndGlobalSection
	GlobalSection(ExtensibilityGlobals) = postSolution
		SolutionGuid = {1B1EE7AC-F638-4BC1-99FC-4F627675B981}
	EndGlobalSection
EndGlobal
